// !$*UTF8*$!
{
	archiveVersion = 1;
	classes = {
	};
	objectVersion = 46;
	objects = {

/* Begin PBXBuildFile section */
		20119DBA1CAA63670042844B /* giveQuestion.cpp in Sources */ = {isa = PBXBuildFile; fileRef = 20119DB41CAA63670042844B /* giveQuestion.cpp */; };
		20119DBC1CAA63670042844B /* Sudoku.cpp in Sources */ = {isa = PBXBuildFile; fileRef = 20119DB61CAA63670042844B /* Sudoku.cpp */; };
		20119DBD1CAA63670042844B /* solve.cpp in Sources */ = {isa = PBXBuildFile; fileRef = 20119DB81CAA63670042844B /* solve.cpp */; };
		20119DBE1CAA63670042844B /* transform.cpp in Sources */ = {isa = PBXBuildFile; fileRef = 20119DB91CAA63670042844B /* transform.cpp */; };
		20119DC01CAA70A40042844B /* mainTestAll.cpp in Sources */ = {isa = PBXBuildFile; fileRef = 20119DBF1CAA70A40042844B /* mainTestAll.cpp */; };
		20119E161CB0F5460042844B /* mains.cpp in Sources */ = {isa = PBXBuildFile; fileRef = 20119E151CB0F5460042844B /* mains.cpp */; };
/* End PBXBuildFile section */

/* Begin PBXCopyFilesBuildPhase section */
		20119DA81CAA63510042844B /* CopyFiles */ = {
			isa = PBXCopyFilesBuildPhase;
			buildActionMask = 2147483647;
			dstPath = /usr/share/man/man1/;
			dstSubfolderSpec = 0;
			files = (
			);
			runOnlyForDeploymentPostprocessing = 1;
		};
/* End PBXCopyFilesBuildPhase section */

/* Begin PBXFileReference section */
		20119DAA1CAA63510042844B /* sudoku */ = {isa = PBXFileReference; explicitFileType = "compiled.mach-o.executable"; includeInIndex = 0; path = sudoku; sourceTree = BUILT_PRODUCTS_DIR; };
		20119DB41CAA63670042844B /* giveQuestion.cpp */ = {isa = PBXFileReference; fileEncoding = 4; lastKnownFileType = sourcecode.cpp.cpp; name = giveQuestion.cpp; path = ../../giveQuestion.cpp; sourceTree = "<group>"; };
		20119DB61CAA63670042844B /* Sudoku.cpp */ = {isa = PBXFileReference; fileEncoding = 4; lastKnownFileType = sourcecode.cpp.cpp; name = Sudoku.cpp; path = ../../Sudoku.cpp; sourceTree = "<group>"; };
		20119DB71CAA63670042844B /* Sudoku.h */ = {isa = PBXFileReference; fileEncoding = 4; lastKnownFileType = sourcecode.c.h; name = Sudoku.h; path = ../../Sudoku.h; sourceTree = "<group>"; };
		20119DB81CAA63670042844B /* solve.cpp */ = {isa = PBXFileReference; fileEncoding = 4; lastKnownFileType = sourcecode.cpp.cpp; name = solve.cpp; path = ../../solve.cpp; sourceTree = "<group>"; };
		20119DB91CAA63670042844B /* transform.cpp */ = {isa = PBXFileReference; fileEncoding = 4; lastKnownFileType = sourcecode.cpp.cpp; name = transform.cpp; path = ../../transform.cpp; sourceTree = "<group>"; };
		20119DBF1CAA70A40042844B /* mainTestAll.cpp */ = {isa = PBXFileReference; fileEncoding = 4; lastKnownFileType = sourcecode.cpp.cpp; name = mainTestAll.cpp; path = ../../mainTestAll.cpp; sourceTree = "<group>"; };
		20119E151CB0F5460042844B /* mains.cpp */ = {isa = PBXFileReference; fileEncoding = 4; lastKnownFileType = sourcecode.cpp.cpp; name = mains.cpp; path = ../../mains.cpp; sourceTree = "<group>"; };
/* End PBXFileReference section */

/* Begin PBXFrameworksBuildPhase section */
		20119DA71CAA63510042844B /* Frameworks */ = {
			isa = PBXFrameworksBuildPhase;
			buildActionMask = 2147483647;
			files = (
			);
			runOnlyForDeploymentPostprocessing = 0;
		};
/* End PBXFrameworksBuildPhase section */

/* Begin PBXGroup section */
		20119DA11CAA63510042844B = {
			isa = PBXGroup;
			children = (
				20119DAC1CAA63510042844B /* sudoku */,
				20119DAB1CAA63510042844B /* Products */,
			);
			sourceTree = "<group>";
		};
		20119DAB1CAA63510042844B /* Products */ = {
			isa = PBXGroup;
			children = (
				20119DAA1CAA63510042844B /* sudoku */,
			);
			name = Products;
			sourceTree = "<group>";
		};
		20119DAC1CAA63510042844B /* sudoku */ = {
			isa = PBXGroup;
			children = (
				20119DBF1CAA70A40042844B /* mainTestAll.cpp */,
				20119E151CB0F5460042844B /* mains.cpp */,
				20119DB41CAA63670042844B /* giveQuestion.cpp */,
				20119DB61CAA63670042844B /* Sudoku.cpp */,
				20119DB71CAA63670042844B /* Sudoku.h */,
				20119DB81CAA63670042844B /* solve.cpp */,
				20119DB91CAA63670042844B /* transform.cpp */,
			);
			name = sudoku;
			path = sukoku;
			sourceTree = "<group>";
		};
/* End PBXGroup section */

/* Begin PBXNativeTarget section */
		20119DA91CAA63510042844B /* sudoku */ = {
			isa = PBXNativeTarget;
			buildConfigurationList = 20119DB11CAA63510042844B /* Build configuration list for PBXNativeTarget "sudoku" */;
			buildPhases = (
				20119DA61CAA63510042844B /* Sources */,
				20119DA71CAA63510042844B /* Frameworks */,
				20119DA81CAA63510042844B /* CopyFiles */,
			);
			buildRules = (
			);
			dependencies = (
			);
			name = sudoku;
			productName = sukoku;
			productReference = 20119DAA1CAA63510042844B /* sudoku */;
			productType = "com.apple.product-type.tool";
		};
/* End PBXNativeTarget section */

/* Begin PBXProject section */
		20119DA21CAA63510042844B /* Project object */ = {
			isa = PBXProject;
			attributes = {
				LastUpgradeCheck = 0720;
				ORGANIZATIONNAME = "Evan Chen";
				TargetAttributes = {
					20119DA91CAA63510042844B = {
						CreatedOnToolsVersion = 7.2.1;
					};
				};
			};
			buildConfigurationList = 20119DA51CAA63510042844B /* Build configuration list for PBXProject "sudoku" */;
			compatibilityVersion = "Xcode 3.2";
			developmentRegion = English;
			hasScannedForEncodings = 0;
			knownRegions = (
				en,
			);
			mainGroup = 20119DA11CAA63510042844B;
			productRefGroup = 20119DAB1CAA63510042844B /* Products */;
			projectDirPath = "";
			projectRoot = "";
			targets = (
				20119DA91CAA63510042844B /* sudoku */,
			);
		};
/* End PBXProject section */

/* Begin PBXSourcesBuildPhase section */
		20119DA61CAA63510042844B /* Sources */ = {
			isa = PBXSourcesBuildPhase;
			buildActionMask = 2147483647;
			files = (
				20119E161CB0F5460042844B /* mains.cpp in Sources */,
				20119DBC1CAA63670042844B /* Sudoku.cpp in Sources */,
				20119DBE1CAA63670042844B /* transform.cpp in Sources */,
				20119DBA1CAA63670042844B /* giveQuestion.cpp in Sources */,
				20119DC01CAA70A40042844B /* mainTestAll.cpp in Sources */,
				20119DBD1CAA63670042844B /* solve.cpp in Sources */,
			);
			runOnlyForDeploymentPostprocessing = 0;
		};
/* End PBXSourcesBuildPhase section */

/* Begin XCBuildConfiguration section */
		20119DAF1CAA63510042844B /* Debug */ = {
			isa = XCBuildConfiguration;
			buildSettings = {
				ALWAYS_SEARCH_USER_PATHS = NO;
				CLANG_CXX_LANGUAGE_STANDARD = "gnu++0x";
				CLANG_CXX_LIBRARY = "libc++";
				CLANG_ENABLE_MODULES = YES;
				CLANG_ENABLE_OBJC_ARC = YES;
				CLANG_WARN_BOOL_CONVERSION = YES;
				CLANG_WARN_CONSTANT_CONVERSION = YES;
				CLANG_WARN_DIRECT_OBJC_ISA_USAGE = YES_ERROR;
				CLANG_WARN_EMPTY_BODY = YES;
				CLANG_WARN_ENUM_CONVERSION = YES;
				CLANG_WARN_INT_CONVERSION = YES;
				CLANG_WARN_OBJC_ROOT_CLASS = YES_ERROR;
				CLANG_WARN_UNREACHABLE_CODE = YES;
				CLANG_WARN__DUPLICATE_METHOD_MATCH = YES;
				CODE_SIGN_IDENTITY = "-";
				COPY_PHASE_STRIP = NO;
				DEBUG_INFORMATION_FORMAT = dwarf;
				ENABLE_STRICT_OBJC_MSGSEND = YES;
				ENABLE_TESTABILITY = YES;
				GCC_C_LANGUAGE_STANDARD = gnu99;
				GCC_DYNAMIC_NO_PIC = NO;
				GCC_NO_COMMON_BLOCKS = YES;
				GCC_OPTIMIZATION_LEVEL = 0;
				GCC_PREPROCESSOR_DEFINITIONS = (
					"DEBUG=1",
					"$(inherited)",
				);
				GCC_WARN_64_TO_32_BIT_CONVERSION = YES;
				GCC_WARN_ABOUT_RETURN_TYPE = YES_ERROR;
				GCC_WARN_UNDECLARED_SELECTOR = YES;
				GCC_WARN_UNINITIALIZED_AUTOS = YES_AGGRESSIVE;
				GCC_WARN_UNUSED_FUNCTION = YES;
				GCC_WARN_UNUSED_VARIABLE = YES;
				MACOSX_DEPLOYMENT_TARGET = 10.11;
				MTL_ENABLE_DEBUG_INFO = YES;
				ONLY_ACTIVE_ARCH = YES;
				SDKROOT = macosx;
			};
			name = Debug;
		};
		20119DB01CAA63510042844B /* Release */ = {
			isa = XCBuildConfiguration;
			buildSettings = {
				ALWAYS_SEARCH_USER_PATHS = NO;
				CLANG_CXX_LANGUAGE_STANDARD = "gnu++0x";
				CLANG_CXX_LIBRARY = "libc++";
				CLANG_ENABLE_MODULES = YES;
				CLANG_ENABLE_OBJC_ARC = YES;
				CLANG_WARN_BOOL_CONVERSION = YES;
				CLANG_WARN_CONSTANT_CONVERSION = YES;
				CLANG_WARN_DIRECT_OBJC_ISA_USAGE = YES_ERROR;
				CLANG_WARN_EMPTY_BODY = YES;
				CLANG_WARN_ENUM_CONVERSION = YES;
				CLANG_WARN_INT_CONVERSION = YES;
				CLANG_WARN_OBJC_ROOT_CLASS = YES_ERROR;
				CLANG_WARN_UNREACHABLE_CODE = YES;
				CLANG_WARN__DUPLICATE_METHOD_MATCH = YES;
				CODE_SIGN_IDENTITY = "-";
				COPY_PHASE_STRIP = NO;
				DEBUG_INFORMATION_FORMAT = "dwarf-with-dsym";
				ENABLE_NS_ASSERTIONS = NO;
				ENABLE_STRICT_OBJC_MSGSEND = YES;
				GCC_C_LANGUAGE_STANDARD = gnu99;
				GCC_NO_COMMON_BLOCKS = YES;
				GCC_WARN_64_TO_32_BIT_CONVERSION = YES;
				GCC_WARN_ABOUT_RETURN_TYPE = YES_ERROR;
				GCC_WARN_UNDECLARED_SELECTOR = YES;
				GCC_WARN_UNINITIALIZED_AUTOS = YES_AGGRESSIVE;
				GCC_WARN_UNUSED_FUNCTION = YES;
				GCC_WARN_UNUSED_VARIABLE = YES;
				MACOSX_DEPLOYMENT_TARGET = 10.11;
				MTL_ENABLE_DEBUG_INFO = NO;
				SDKROOT = macosx;
			};
			name = Release;
		};
		20119DB21CAA63510042844B /* Debug */ = {
			isa = XCBuildConfiguration;
			buildSettings = {
				PRODUCT_NAME = sudoku;
			};
			name = Debug;
		};
		20119DB31CAA63510042844B /* Release */ = {
			isa = XCBuildConfiguration;
			buildSettings = {
				PRODUCT_NAME = sudoku;
			};
			name = Release;
		};
/* End XCBuildConfiguration section */

/* Begin XCConfigurationList section */
		20119DA51CAA63510042844B /* Build configuration list for PBXProject "sudoku" */ = {
			isa = XCConfigurationList;
			buildConfigurations = (
				20119DAF1CAA63510042844B /* Debug */,
				20119DB01CAA63510042844B /* Release */,
			);
			defaultConfigurationIsVisible = 0;
			defaultConfigurationName = Release;
		};
		20119DB11CAA63510042844B /* Build configuration list for PBXNativeTarget "sudoku" */ = {
			isa = XCConfigurationList;
			buildConfigurations = (
				20119DB21CAA63510042844B /* Debug */,
				20119DB31CAA63510042844B /* Release */,
			);
			defaultConfigurationIsVisible = 0;
			defaultConfigurationName = Release;
		};
/* End XCConfigurationList section */
	};
	rootObject = 20119DA21CAA63510042844B /* Project object */;
}
